
Microsoft Visual Studio Solution File, Format Version 12.00
# Visual Studio Version 17
VisualStudioVersion = 17.1.32210.238
MinimumVisualStudioVersion = 10.0.40219.1
Project("{8BC9CEB8-8B4A-11D0-8D11-00A0C91BC942}") = "test-01", "test-01\test-01.vcxproj", "{2B0EA685-41E9-4F01-860F-D16298CD0805}"
EndProject
Project("{8BC9CEB8-8B4A-11D0-8D11-00A0C91BC942}") = "test-02", "test-02\test-02.vcxproj", "{0F78C517-A6EA-4554-BD0A-A48C8CFFFF2E}"
EndProject
Project("{8BC9CEB8-8B4A-11D0-8D11-00A0C91BC942}") = "test-03", "test-03\test-03.vcxproj", "{D7653023-56FD-457A-AD22-D7523D03137B}"
EndProject
Project("{8BC9CEB8-8B4A-11D0-8D11-00A0C91BC942}") = "test-04", "test-04\test-04.vcxproj", "{A76627F7-C18E-4A07-AF73-5FAD1C5B1194}"
EndProject
Project("{8BC9CEB8-8B4A-11D0-8D11-00A0C91BC942}") = "test-05", "test-05\test-05.vcxproj", "{58B55075-F482-4FC3-966C-196CCF63FABD}"
EndProject
Project("{8BC9CEB8-8B4A-11D0-8D11-00A0C91BC942}") = "test-06", "test-06\test-06.vcxproj", "{8BFA9882-68C0-43A0-84F0-5FC8F6637869}"
EndProject
Global
	GlobalSection(SolutionConfigurationPlatforms) = preSolution
		Debug|x64 = Debug|x64
		Debug|x86 = Debug|x86
		Release|x64 = Release|x64
		Release|x86 = Release|x86
	EndGlobalSection
	GlobalSection(ProjectConfigurationPlatforms) = postSolution
		{2B0EA685-41E9-4F01-860F-D16298CD0805}.Debug|x64.ActiveCfg = Debug|x64
		{2B0EA685-41E9-4F01-860F-D16298CD0805}.Debug|x64.Build.0 = Debug|x64
		{2B0EA685-41E9-4F01-860F-D16298CD0805}.Debug|x86.ActiveCfg = Debug|Win32
		{2B0EA685-41E9-4F01-860F-D16298CD0805}.Debug|x86.Build.0 = Debug|Win32
		{2B0EA685-41E9-4F01-860F-D16298CD0805}.Release|x64.ActiveCfg = Release|x64
		{2B0EA685-41E9-4F01-860F-D16298CD0805}.Release|x64.Build.0 = Release|x64
		{2B0EA685-41E9-4F01-860F-D16298CD0805}.Release|x86.ActiveCfg = Release|Win32
		{2B0EA685-41E9-4F01-860F-D16298CD0805}.Release|x86.Build.0 = Release|Win32
		{0F78C517-A6EA-4554-BD0A-A48C8CFFFF2E}.Debug|x64.ActiveCfg = Debug|x64
		{0F78C517-A6EA-4554-BD0A-A48C8CFFFF2E}.Debug|x64.Build.0 = Debug|x64
		{0F78C517-A6EA-4554-BD0A-A48C8CFFFF2E}.Debug|x86.ActiveCfg = Debug|Win32
		{0F78C517-A6EA-4554-BD0A-A48C8CFFFF2E}.Debug|x86.Build.0 = Debug|Win32
		{0F78C517-A6EA-4554-BD0A-A48C8CFFFF2E}.Release|x64.ActiveCfg = Release|x64
		{0F78C517-A6EA-4554-BD0A-A48C8CFFFF2E}.Release|x64.Build.0 = Release|x64
		{0F78C517-A6EA-4554-BD0A-A48C8CFFFF2E}.Release|x86.ActiveCfg = Release|Win32
		{0F78C517-A6EA-4554-BD0A-A48C8CFFFF2E}.Release|x86.Build.0 = Release|Win32
		{D7653023-56FD-457A-AD22-D7523D03137B}.Debug|x64.ActiveCfg = Debug|x64
		{D7653023-56FD-457A-AD22-D7523D03137B}.Debug|x64.Build.0 = Debug|x64
		{D7653023-56FD-457A-AD22-D7523D03137B}.Debug|x86.ActiveCfg = Debug|Win32
		{D7653023-56FD-457A-AD22-D7523D03137B}.Debug|x86.Build.0 = Debug|Win32
		{D7653023-56FD-457A-AD22-D7523D03137B}.Release|x64.ActiveCfg = Release|x64
		{D7653023-56FD-457A-AD22-D7523D03137B}.Release|x64.Build.0 = Release|x64
		{D7653023-56FD-457A-AD22-D7523D03137B}.Release|x86.ActiveCfg = Release|Win32
		{D7653023-56FD-457A-AD22-D7523D03137B}.Release|x86.Build.0 = Release|Win32
		{A76627F7-C18E-4A07-AF73-5FAD1C5B1194}.Debug|x64.ActiveCfg = Debug|x64
		{A76627F7-C18E-4A07-AF73-5FAD1C5B1194}.Debug|x64.Build.0 = Debug|x64
		{A76627F7-C18E-4A07-AF73-5FAD1C5B1194}.Debug|x86.ActiveCfg = Debug|Win32
		{A76627F7-C18E-4A07-AF73-5FAD1C5B1194}.Debug|x86.Build.0 = Debug|Win32
		{A76627F7-C18E-4A07-AF73-5FAD1C5B1194}.Release|x64.ActiveCfg = Release|x64
		{A76627F7-C18E-4A07-AF73-5FAD1C5B1194}.Release|x64.Build.0 = Release|x64
		{A76627F7-C18E-4A07-AF73-5FAD1C5B1194}.Release|x86.ActiveCfg = Release|Win32
		{A76627F7-C18E-4A07-AF73-5FAD1C5B1194}.Release|x86.Build.0 = Release|Win32
		{58B55075-F482-4FC3-966C-196CCF63FABD}.Debug|x64.ActiveCfg = Debug|x64
		{58B55075-F482-4FC3-966C-196CCF63FABD}.Debug|x64.Build.0 = Debug|x64
		{58B55075-F482-4FC3-966C-196CCF63FABD}.Debug|x86.ActiveCfg = Debug|Win32
		{58B55075-F482-4FC3-966C-196CCF63FABD}.Debug|x86.Build.0 = Debug|Win32
		{58B55075-F482-4FC3-966C-196CCF63FABD}.Release|x64.ActiveCfg = Release|x64
		{58B55075-F482-4FC3-966C-196CCF63FABD}.Release|x64.Build.0 = Release|x64
		{58B55075-F482-4FC3-966C-196CCF63FABD}.Release|x86.ActiveCfg = Release|Win32
		{58B55075-F482-4FC3-966C-196CCF63FABD}.Release|x86.Build.0 = Release|Win32
		{8BFA9882-68C0-43A0-84F0-5FC8F6637869}.Debug|x64.ActiveCfg = Debug|x64
		{8BFA9882-68C0-43A0-84F0-5FC8F6637869}.Debug|x64.Build.0 = Debug|x64
		{8BFA9882-68C0-43A0-84F0-5FC8F6637869}.Debug|x86.ActiveCfg = Debug|Win32
		{8BFA9882-68C0-43A0-84F0-5FC8F6637869}.Debug|x86.Build.0 = Debug|Win32
		{8BFA9882-68C0-43A0-84F0-5FC8F6637869}.Release|x64.ActiveCfg = Release|x64
		{8BFA9882-68C0-43A0-84F0-5FC8F6637869}.Release|x64.Build.0 = Release|x64
		{8BFA9882-68C0-43A0-84F0-5FC8F6637869}.Release|x86.ActiveCfg = Release|Win32
		{8BFA9882-68C0-43A0-84F0-5FC8F6637869}.Release|x86.Build.0 = Release|Win32
	EndGlobalSection
	GlobalSection(SolutionProperties) = preSolution
		HideSolutionNode = FALSE
	EndGlobalSection
	GlobalSection(ExtensibilityGlobals) = postSolution
		SolutionGuid = {10BD1FFD-DDC7-4DCC-9B00-33ADFE66A042}
	EndGlobalSection
EndGlobal
